// !$*UTF8*$!
{
	archiveVersion = 1;
	classes = {
	};
	objectVersion = 50;
	objects = {

/* Begin PBXBuildFile section */
		4BC57C83264AF7CF0038DCB2 /* sveltekit_counterApp.swift in Sources */ = {isa = PBXBuildFile; fileRef = 4BC57C70264AF7CD0038DCB2 /* sveltekit_counterApp.swift */; };
		4BC57C84264AF7CF0038DCB2 /* sveltekit_counterApp.swift in Sources */ = {isa = PBXBuildFile; fileRef = 4BC57C70264AF7CD0038DCB2 /* sveltekit_counterApp.swift */; };
		4BC57C87264AF7CF0038DCB2 /* Assets.xcassets in Resources */ = {isa = PBXBuildFile; fileRef = 4BC57C72264AF7CF0038DCB2 /* Assets.xcassets */; };
		4BC57C88264AF7CF0038DCB2 /* Assets.xcassets in Resources */ = {isa = PBXBuildFile; fileRef = 4BC57C72264AF7CF0038DCB2 /* Assets.xcassets */; };
		4BC57C92264AF8300038DCB2 /* SvelteKitCounter.swift in Sources */ = {isa = PBXBuildFile; fileRef = 4BC57C91264AF8300038DCB2 /* SvelteKitCounter.swift */; };
		4BC57C93264AF8300038DCB2 /* SvelteKitCounter.swift in Sources */ = {isa = PBXBuildFile; fileRef = 4BC57C91264AF8300038DCB2 /* SvelteKitCounter.swift */; };
		4BC57C95264AF8E60038DCB2 /* AnimationCompletionObserver.swift in Sources */ = {isa = PBXBuildFile; fileRef = 4BC57C94264AF8E60038DCB2 /* AnimationCompletionObserver.swift */; };
		4BC57C96264AF8E60038DCB2 /* AnimationCompletionObserver.swift in Sources */ = {isa = PBXBuildFile; fileRef = 4BC57C94264AF8E60038DCB2 /* AnimationCompletionObserver.swift */; };
/* End PBXBuildFile section */

/* Begin PBXFileReference section */
		4BC57C70264AF7CD0038DCB2 /* sveltekit_counterApp.swift */ = {isa = PBXFileReference; lastKnownFileType = sourcecode.swift; path = sveltekit_counterApp.swift; sourceTree = "<group>"; };
		4BC57C72264AF7CF0038DCB2 /* Assets.xcassets */ = {isa = PBXFileReference; lastKnownFileType = folder.assetcatalog; path = Assets.xcassets; sourceTree = "<group>"; };
		4BC57C77264AF7CF0038DCB2 /* sveltekit-counter.app */ = {isa = PBXFileReference; explicitFileType = wrapper.application; includeInIndex = 0; path = "sveltekit-counter.app"; sourceTree = BUILT_PRODUCTS_DIR; };
		4BC57C7A264AF7CF0038DCB2 /* Info.plist */ = {isa = PBXFileReference; lastKnownFileType = text.plist.xml; path = Info.plist; sourceTree = "<group>"; };
		4BC57C7F264AF7CF0038DCB2 /* sveltekit-counter.app */ = {isa = PBXFileReference; explicitFileType = wrapper.application; includeInIndex = 0; path = "sveltekit-counter.app"; sourceTree = BUILT_PRODUCTS_DIR; };
		4BC57C81264AF7CF0038DCB2 /* Info.plist */ = {isa = PBXFileReference; lastKnownFileType = text.plist.xml; path = Info.plist; sourceTree = "<group>"; };
		4BC57C82264AF7CF0038DCB2 /* macOS.entitlements */ = {isa = PBXFileReference; lastKnownFileType = text.plist.entitlements; path = macOS.entitlements; sourceTree = "<group>"; };
		4BC57C91264AF8300038DCB2 /* SvelteKitCounter.swift */ = {isa = PBXFileReference; fileEncoding = 4; lastKnownFileType = sourcecode.swift; path = SvelteKitCounter.swift; sourceTree = "<group>"; };
		4BC57C94264AF8E60038DCB2 /* AnimationCompletionObserver.swift */ = {isa = PBXFileReference; lastKnownFileType = sourcecode.swift; path = AnimationCompletionObserver.swift; sourceTree = "<group>"; };
/* End PBXFileReference section */

/* Begin PBXFrameworksBuildPhase section */
		4BC57C74264AF7CF0038DCB2 /* Frameworks */ = {
			isa = PBXFrameworksBuildPhase;
			buildActionMask = 2147483647;
			files = (
			);
			runOnlyForDeploymentPostprocessing = 0;
		};
		4BC57C7C264AF7CF0038DCB2 /* Frameworks */ = {
			isa = PBXFrameworksBuildPhase;
			buildActionMask = 2147483647;
			files = (
			);
			runOnlyForDeploymentPostprocessing = 0;
		};
/* End PBXFrameworksBuildPhase section */

/* Begin PBXGroup section */
		4BC57C6A264AF7CD0038DCB2 = {
			isa = PBXGroup;
			children = (
				4BC57C6F264AF7CD0038DCB2 /* Shared */,
				4BC57C79264AF7CF0038DCB2 /* iOS */,
				4BC57C80264AF7CF0038DCB2 /* macOS */,
				4BC57C78264AF7CF0038DCB2 /* Products */,
			);
			sourceTree = "<group>";
		};
		4BC57C6F264AF7CD0038DCB2 /* Shared */ = {
			isa = PBXGroup;
			children = (
				4BC57C91264AF8300038DCB2 /* SvelteKitCounter.swift */,
				4BC57C70264AF7CD0038DCB2 /* sveltekit_counterApp.swift */,
				4BC57C72264AF7CF0038DCB2 /* Assets.xcassets */,
				4BC57C94264AF8E60038DCB2 /* AnimationCompletionObserver.swift */,
			);
			path = Shared;
			sourceTree = "<group>";
		};
		4BC57C78264AF7CF0038DCB2 /* Products */ = {
			isa = PBXGroup;
			children = (
				4BC57C77264AF7CF0038DCB2 /* sveltekit-counter.app */,
				4BC57C7F264AF7CF0038DCB2 /* sveltekit-counter.app */,
			);
			name = Products;
			sourceTree = "<group>";
		};
		4BC57C79264AF7CF0038DCB2 /* iOS */ = {
			isa = PBXGroup;
			children = (
				4BC57C7A264AF7CF0038DCB2 /* Info.plist */,
			);
			path = iOS;
			sourceTree = "<group>";
		};
		4BC57C80264AF7CF0038DCB2 /* macOS */ = {
			isa = PBXGroup;
			children = (
				4BC57C81264AF7CF0038DCB2 /* Info.plist */,
				4BC57C82264AF7CF0038DCB2 /* macOS.entitlements */,
			);
			path = macOS;
			sourceTree = "<group>";
		};
/* End PBXGroup section */

/* Begin PBXNativeTarget section */
		4BC57C76264AF7CF0038DCB2 /* sveltekit-counter (iOS) */ = {
			isa = PBXNativeTarget;
			buildConfigurationList = 4BC57C8B264AF7CF0038DCB2 /* Build configuration list for PBXNativeTarget "sveltekit-counter (iOS)" */;
			buildPhases = (
				4BC57C73264AF7CF0038DCB2 /* Sources */,
				4BC57C74264AF7CF0038DCB2 /* Frameworks */,
				4BC57C75264AF7CF0038DCB2 /* Resources */,
			);
			buildRules = (
			);
			dependencies = (
			);
			name = "sveltekit-counter (iOS)";
			productName = "sveltekit-counter (iOS)";
			productReference = 4BC57C77264AF7CF0038DCB2 /* sveltekit-counter.app */;
			productType = "com.apple.product-type.application";
		};
		4BC57C7E264AF7CF0038DCB2 /* sveltekit-counter (macOS) */ = {
			isa = PBXNativeTarget;
			buildConfigurationList = 4BC57C8E264AF7CF0038DCB2 /* Build configuration list for PBXNativeTarget "sveltekit-counter (macOS)" */;
			buildPhases = (
				4BC57C7B264AF7CF0038DCB2 /* Sources */,
				4BC57C7C264AF7CF0038DCB2 /* Frameworks */,
				4BC57C7D264AF7CF0038DCB2 /* Resources */,
			);
			buildRules = (
			);
			dependencies = (
			);
			name = "sveltekit-counter (macOS)";
			productName = "sveltekit-counter (macOS)";
			productReference = 4BC57C7F264AF7CF0038DCB2 /* sveltekit-counter.app */;
			productType = "com.apple.product-type.application";
		};
/* End PBXNativeTarget section */

/* Begin PBXProject section */
		4BC57C6B264AF7CD0038DCB2 /* Project object */ = {
			isa = PBXProject;
			attributes = {
				LastSwiftUpdateCheck = 1250;
				LastUpgradeCheck = 1250;
				TargetAttributes = {
					4BC57C76264AF7CF0038DCB2 = {
						CreatedOnToolsVersion = 12.5;
					};
					4BC57C7E264AF7CF0038DCB2 = {
						CreatedOnToolsVersion = 12.5;
					};
				};
			};
			buildConfigurationList = 4BC57C6E264AF7CD0038DCB2 /* Build configuration list for PBXProject "sveltekit-counter" */;
			compatibilityVersion = "Xcode 9.3";
			developmentRegion = en;
			hasScannedForEncodings = 0;
			knownRegions = (
				en,
				Base,
			);
			mainGroup = 4BC57C6A264AF7CD0038DCB2;
			productRefGroup = 4BC57C78264AF7CF0038DCB2 /* Products */;
			projectDirPath = "";
			projectRoot = "";
			targets = (
				4BC57C76264AF7CF0038DCB2 /* sveltekit-counter (iOS) */,
				4BC57C7E264AF7CF0038DCB2 /* sveltekit-counter (macOS) */,
			);
		};
/* End PBXProject section */

/* Begin PBXResourcesBuildPhase section */
		4BC57C75264AF7CF0038DCB2 /* Resources */ = {
			isa = PBXResourcesBuildPhase;
			buildActionMask = 2147483647;
			files = (
				4BC57C87264AF7CF0038DCB2 /* Assets.xcassets in Resources */,
			);
			runOnlyForDeploymentPostprocessing = 0;
		};
		4BC57C7D264AF7CF0038DCB2 /* Resources */ = {
			isa = PBXResourcesBuildPhase;
			buildActionMask = 2147483647;
			files = (
				4BC57C88264AF7CF0038DCB2 /* Assets.xcassets in Resources */,
			);
			runOnlyForDeploymentPostprocessing = 0;
		};
/* End PBXResourcesBuildPhase section */

/* Begin PBXSourcesBuildPhase section */
		4BC57C73264AF7CF0038DCB2 /* Sources */ = {
			isa = PBXSourcesBuildPhase;
			buildActionMask = 2147483647;
			files = (
				4BC57C83264AF7CF0038DCB2 /* sveltekit_counterApp.swift in Sources */,
				4BC57C92264AF8300038DCB2 /* SvelteKitCounter.swift in Sources */,
				4BC57C95264AF8E60038DCB2 /* AnimationCompletionObserver.swift in Sources */,
			);
			runOnlyForDeploymentPostprocessing = 0;
		};
		4BC57C7B264AF7CF0038DCB2 /* Sources */ = {
			isa = PBXSourcesBuildPhase;
			buildActionMask = 2147483647;
			files = (
				4BC57C84264AF7CF0038DCB2 /* sveltekit_counterApp.swift in Sources */,
				4BC57C93264AF8300038DCB2 /* SvelteKitCounter.swift in Sources */,
				4BC57C96264AF8E60038DCB2 /* AnimationCompletionObserver.swift in Sources */,
			);
			runOnlyForDeploymentPostprocessing = 0;
		};
/* End PBXSourcesBuildPhase section */

/* Begin XCBuildConfiguration section */
		4BC57C89264AF7CF0038DCB2 /* Debug */ = {
			isa = XCBuildConfiguration;
			buildSettings = {
				ALWAYS_SEARCH_USER_PATHS = NO;
				CLANG_ANALYZER_NONNULL = YES;
				CLANG_ANALYZER_NUMBER_OBJECT_CONVERSION = YES_AGGRESSIVE;
				CLANG_CXX_LANGUAGE_STANDARD = "gnu++14";
				CLANG_CXX_LIBRARY = "libc++";
				CLANG_ENABLE_MODULES = YES;
				CLANG_ENABLE_OBJC_ARC = YES;
				CLANG_ENABLE_OBJC_WEAK = YES;
				CLANG_WARN_BLOCK_CAPTURE_AUTORELEASING = YES;
				CLANG_WARN_BOOL_CONVERSION = YES;
				CLANG_WARN_COMMA = YES;
				CLANG_WARN_CONSTANT_CONVERSION = YES;
				CLANG_WARN_DEPRECATED_OBJC_IMPLEMENTATIONS = YES;
				CLANG_WARN_DIRECT_OBJC_ISA_USAGE = YES_ERROR;
				CLANG_WARN_DOCUMENTATION_COMMENTS = YES;
				CLANG_WARN_EMPTY_BODY = YES;
				CLANG_WARN_ENUM_CONVERSION = YES;
				CLANG_WARN_INFINITE_RECURSION = YES;
				CLANG_WARN_INT_CONVERSION = YES;
				CLANG_WARN_NON_LITERAL_NULL_CONVERSION = YES;
				CLANG_WARN_OBJC_IMPLICIT_RETAIN_SELF = YES;
				CLANG_WARN_OBJC_LITERAL_CONVERSION = YES;
				CLANG_WARN_OBJC_ROOT_CLASS = YES_ERROR;
				CLANG_WARN_QUOTED_INCLUDE_IN_FRAMEWORK_HEADER = YES;
				CLANG_WARN_RANGE_LOOP_ANALYSIS = YES;
				CLANG_WARN_STRICT_PROTOTYPES = YES;
				CLANG_WARN_SUSPICIOUS_MOVE = YES;
				CLANG_WARN_UNGUARDED_AVAILABILITY = YES_AGGRESSIVE;
				CLANG_WARN_UNREACHABLE_CODE = YES;
				CLANG_WARN__DUPLICATE_METHOD_MATCH = YES;
				COPY_PHASE_STRIP = NO;
				DEBUG_INFORMATION_FORMAT = dwarf;
				ENABLE_STRICT_OBJC_MSGSEND = YES;
				ENABLE_TESTABILITY = YES;
				GCC_C_LANGUAGE_STANDARD = gnu11;
				GCC_DYNAMIC_NO_PIC = NO;
				GCC_NO_COMMON_BLOCKS = YES;
				GCC_OPTIMIZATION_LEVEL = 0;
				GCC_PREPROCESSOR_DEFINITIONS = (
					"DEBUG=1",
					"$(inherited)",
				);
				GCC_WARN_64_TO_32_BIT_CONVERSION = YES;
				GCC_WARN_ABOUT_RETURN_TYPE = YES_ERROR;
				GCC_WARN_UNDECLARED_SELECTOR = YES;
				GCC_WARN_UNINITIALIZED_AUTOS = YES_AGGRESSIVE;
				GCC_WARN_UNUSED_FUNCTION = YES;
				GCC_WARN_UNUSED_VARIABLE = YES;
				MTL_ENABLE_DEBUG_INFO = INCLUDE_SOURCE;
				MTL_FAST_MATH = YES;
				ONLY_ACTIVE_ARCH = YES;
				SWIFT_ACTIVE_COMPILATION_CONDITIONS = DEBUG;
				SWIFT_OPTIMIZATION_LEVEL = "-Onone";
			};
			name = Debug;
		};
		4BC57C8A264AF7CF0038DCB2 /* Release */ = {
			isa = XCBuildConfiguration;
			buildSettings = {
				ALWAYS_SEARCH_USER_PATHS = NO;
				CLANG_ANALYZER_NONNULL = YES;
				CLANG_ANALYZER_NUMBER_OBJECT_CONVERSION = YES_AGGRESSIVE;
				CLANG_CXX_LANGUAGE_STANDARD = "gnu++14";
				CLANG_CXX_LIBRARY = "libc++";
				CLANG_ENABLE_MODULES = YES;
				CLANG_ENABLE_OBJC_ARC = YES;
				CLANG_ENABLE_OBJC_WEAK = YES;
				CLANG_WARN_BLOCK_CAPTURE_AUTORELEASING = YES;
				CLANG_WARN_BOOL_CONVERSION = YES;
				CLANG_WARN_COMMA = YES;
				CLANG_WARN_CONSTANT_CONVERSION = YES;
				CLANG_WARN_DEPRECATED_OBJC_IMPLEMENTATIONS = YES;
				CLANG_WARN_DIRECT_OBJC_ISA_USAGE = YES_ERROR;
				CLANG_WARN_DOCUMENTATION_COMMENTS = YES;
				CLANG_WARN_EMPTY_BODY = YES;
				CLANG_WARN_ENUM_CONVERSION = YES;
				CLANG_WARN_INFINITE_RECURSION = YES;
				CLANG_WARN_INT_CONVERSION = YES;
				CLANG_WARN_NON_LITERAL_NULL_CONVERSION = YES;
				CLANG_WARN_OBJC_IMPLICIT_RETAIN_SELF = YES;
				CLANG_WARN_OBJC_LITERAL_CONVERSION = YES;
				CLANG_WARN_OBJC_ROOT_CLASS = YES_ERROR;
				CLANG_WARN_QUOTED_INCLUDE_IN_FRAMEWORK_HEADER = YES;
				CLANG_WARN_RANGE_LOOP_ANALYSIS = YES;
				CLANG_WARN_STRICT_PROTOTYPES = YES;
				CLANG_WARN_SUSPICIOUS_MOVE = YES;
				CLANG_WARN_UNGUARDED_AVAILABILITY = YES_AGGRESSIVE;
				CLANG_WARN_UNREACHABLE_CODE = YES;
				CLANG_WARN__DUPLICATE_METHOD_MATCH = YES;
				COPY_PHASE_STRIP = NO;
				DEBUG_INFORMATION_FORMAT = "dwarf-with-dsym";
				ENABLE_NS_ASSERTIONS = NO;
				ENABLE_STRICT_OBJC_MSGSEND = YES;
				GCC_C_LANGUAGE_STANDARD = gnu11;
				GCC_NO_COMMON_BLOCKS = YES;
				GCC_WARN_64_TO_32_BIT_CONVERSION = YES;
				GCC_WARN_ABOUT_RETURN_TYPE = YES_ERROR;
				GCC_WARN_UNDECLARED_SELECTOR = YES;
				GCC_WARN_UNINITIALIZED_AUTOS = YES_AGGRESSIVE;
				GCC_WARN_UNUSED_FUNCTION = YES;
				GCC_WARN_UNUSED_VARIABLE = YES;
				MTL_ENABLE_DEBUG_INFO = NO;
				MTL_FAST_MATH = YES;
				SWIFT_COMPILATION_MODE = wholemodule;
				SWIFT_OPTIMIZATION_LEVEL = "-O";
			};
			name = Release;
		};
		4BC57C8C264AF7CF0038DCB2 /* Debug */ = {
			isa = XCBuildConfiguration;
			buildSettings = {
				ASSETCATALOG_COMPILER_APPICON_NAME = AppIcon;
				ASSETCATALOG_COMPILER_GLOBAL_ACCENT_COLOR_NAME = AccentColor;
				CODE_SIGN_STYLE = Automatic;
				DEVELOPMENT_TEAM = 6SQ7R2QP39;
				ENABLE_PREVIEWS = YES;
				INFOPLIST_FILE = iOS/Info.plist;
				IPHONEOS_DEPLOYMENT_TARGET = 14.0;
				LD_RUNPATH_SEARCH_PATHS = (
					"$(inherited)",
					"@executable_path/Frameworks",
				);
				PRODUCT_BUNDLE_IDENTIFIER = "de.remshams.sveltekit-counter";
				PRODUCT_NAME = "sveltekit-counter";
				SDKROOT = iphoneos;
				SWIFT_VERSION = 5.0;
				TARGETED_DEVICE_FAMILY = "1,2";
			};
			name = Debug;
		};
		4BC57C8D264AF7CF0038DCB2 /* Release */ = {
			isa = XCBuildConfiguration;
			buildSettings = {
				ASSETCATALOG_COMPILER_APPICON_NAME = AppIcon;
				ASSETCATALOG_COMPILER_GLOBAL_ACCENT_COLOR_NAME = AccentColor;
				CODE_SIGN_STYLE = Automatic;
				DEVELOPMENT_TEAM = 6SQ7R2QP39;
				ENABLE_PREVIEWS = YES;
				INFOPLIST_FILE = iOS/Info.plist;
				IPHONEOS_DEPLOYMENT_TARGET = 14.0;
				LD_RUNPATH_SEARCH_PATHS = (
					"$(inherited)",
					"@executable_path/Frameworks",
				);
				PRODUCT_BUNDLE_IDENTIFIER = "de.remshams.sveltekit-counter";
				PRODUCT_NAME = "sveltekit-counter";
				SDKROOT = iphoneos;
				SWIFT_VERSION = 5.0;
				TARGETED_DEVICE_FAMILY = "1,2";
				VALIDATE_PRODUCT = YES;
			};
			name = Release;
		};
		4BC57C8F264AF7CF0038DCB2 /* Debug */ = {
			isa = XCBuildConfiguration;
			buildSettings = {
				ASSETCATALOG_COMPILER_APPICON_NAME = AppIcon;
				ASSETCATALOG_COMPILER_GLOBAL_ACCENT_COLOR_NAME = AccentColor;
				CODE_SIGN_ENTITLEMENTS = macOS/macOS.entitlements;
				CODE_SIGN_STYLE = Automatic;
				COMBINE_HIDPI_IMAGES = YES;
				DEVELOPMENT_TEAM = 6SQ7R2QP39;
				ENABLE_HARDENED_RUNTIME = YES;
				ENABLE_PREVIEWS = YES;
				INFOPLIST_FILE = macOS/Info.plist;
				LD_RUNPATH_SEARCH_PATHS = (
					"$(inherited)",
					"@executable_path/../Frameworks",
				);
				MACOSX_DEPLOYMENT_TARGET = 11.0;
				PRODUCT_BUNDLE_IDENTIFIER = "de.remshams.sveltekit-counter";
				PRODUCT_NAME = "sveltekit-counter";
				SDKROOT = macosx;
				SWIFT_VERSION = 5.0;
			};
			name = Debug;
		};
		4BC57C90264AF7CF0038DCB2 /* Release */ = {
			isa = XCBuildConfiguration;
			buildSettings = {
				ASSETCATALOG_COMPILER_APPICON_NAME = AppIcon;
				ASSETCATALOG_COMPILER_GLOBAL_ACCENT_COLOR_NAME = AccentColor;
				CODE_SIGN_ENTITLEMENTS = macOS/macOS.entitlements;
				CODE_SIGN_STYLE = Automatic;
				COMBINE_HIDPI_IMAGES = YES;
				DEVELOPMENT_TEAM = 6SQ7R2QP39;
				ENABLE_HARDENED_RUNTIME = YES;
				ENABLE_PREVIEWS = YES;
				INFOPLIST_FILE = macOS/Info.plist;
				LD_RUNPATH_SEARCH_PATHS = (
					"$(inherited)",
					"@executable_path/../Frameworks",
				);
				MACOSX_DEPLOYMENT_TARGET = 11.0;
				PRODUCT_BUNDLE_IDENTIFIER = "de.remshams.sveltekit-counter";
				PRODUCT_NAME = "sveltekit-counter";
				SDKROOT = macosx;
				SWIFT_VERSION = 5.0;
			};
			name = Release;
		};
/* End XCBuildConfiguration section */

/* Begin XCConfigurationList section */
		4BC57C6E264AF7CD0038DCB2 /* Build configuration list for PBXProject "sveltekit-counter" */ = {
			isa = XCConfigurationList;
			buildConfigurations = (
				4BC57C89264AF7CF0038DCB2 /* Debug */,
				4BC57C8A264AF7CF0038DCB2 /* Release */,
			);
			defaultConfigurationIsVisible = 0;
			defaultConfigurationName = Release;
		};
		4BC57C8B264AF7CF0038DCB2 /* Build configuration list for PBXNativeTarget "sveltekit-counter (iOS)" */ = {
			isa = XCConfigurationList;
			buildConfigurations = (
				4BC57C8C264AF7CF0038DCB2 /* Debug */,
				4BC57C8D264AF7CF0038DCB2 /* Release */,
			);
			defaultConfigurationIsVisible = 0;
			defaultConfigurationName = Release;
		};
		4BC57C8E264AF7CF0038DCB2 /* Build configuration list for PBXNativeTarget "sveltekit-counter (macOS)" */ = {
			isa = XCConfigurationList;
			buildConfigurations = (
				4BC57C8F264AF7CF0038DCB2 /* Debug */,
				4BC57C90264AF7CF0038DCB2 /* Release */,
			);
			defaultConfigurationIsVisible = 0;
			defaultConfigurationName = Release;
		};
/* End XCConfigurationList section */
	};
	rootObject = 4BC57C6B264AF7CD0038DCB2 /* Project object */;
}
